
Microsoft Visual Studio Solution File, Format Version 12.00
# Visual Studio Version 17
VisualStudioVersion = 17.6.33712.159
MinimumVisualStudioVersion = 10.0.40219.1
Project("{9A19103F-16F7-4668-BE54-9A1E7A4F7556}") = "DriveNation", "DriveNation\DriveNation.csproj", "{C1A3E0DD-9BCF-4ECF-B786-3865CA959F14}"
EndProject
Project("{FAE04EC0-301F-11D3-BF4B-00C04F79EFBC}") = "DriveNation.Tests", "DriveNation.Tests\DriveNation.Tests.csproj", "{7DF0FA89-30D4-48A7-9ED1-69A1BBF554C2}"
EndProject
Global
	GlobalSection(SolutionConfigurationPlatforms) = preSolution
		Debug|Any CPU = Debug|Any CPU
		Release|Any CPU = Release|Any CPU
	EndGlobalSection
	GlobalSection(ProjectConfigurationPlatforms) = postSolution
		{C1A3E0DD-9BCF-4ECF-B786-3865CA959F14}.Debug|Any CPU.ActiveCfg = Debug|Any CPU
		{C1A3E0DD-9BCF-4ECF-B786-3865CA959F14}.Debug|Any CPU.Build.0 = Debug|Any CPU
		{C1A3E0DD-9BCF-4ECF-B786-3865CA959F14}.Release|Any CPU.ActiveCfg = Release|Any CPU
		{C1A3E0DD-9BCF-4ECF-B786-3865CA959F14}.Release|Any CPU.Build.0 = Release|Any CPU
		{7DF0FA89-30D4-48A7-9ED1-69A1BBF554C2}.Debug|Any CPU.ActiveCfg = Debug|Any CPU
		{7DF0FA89-30D4-48A7-9ED1-69A1BBF554C2}.Debug|Any CPU.Build.0 = Debug|Any CPU
		{7DF0FA89-30D4-48A7-9ED1-69A1BBF554C2}.Release|Any CPU.ActiveCfg = Release|Any CPU
		{7DF0FA89-30D4-48A7-9ED1-69A1BBF554C2}.Release|Any CPU.Build.0 = Release|Any CPU
	EndGlobalSection
	GlobalSection(SolutionProperties) = preSolution
		HideSolutionNode = FALSE
	EndGlobalSection
	GlobalSection(ExtensibilityGlobals) = postSolution
		SolutionGuid = {594487CE-4BBB-40B9-BFFB-C5AFBDBA2401}
	EndGlobalSection
EndGlobal
